# This file is automatically @generated by Cargo.
# It is not intended for manual editing.
version = 4

[[package]]
name = "zeuhl_fraction"
version = "0.1.3"
source = "registry+https://github.com/rust-lang/crates.io-index"
checksum = "db9ec7f17723bae30c81b074402f52ad47ea49255f030d789803175de2fe71d8"

[[package]]
name = "zeuhl_sem"
version = "0.2.0"
dependencies = [
 "zeuhl_fraction",
]
